
Microsoft Visual Studio Solution File, Format Version 12.00
Project("{FAE04EC0-301F-11D3-BF4B-00C04F79EFBC}") = "OpenSimHud", "OpenSimHud\OpenSimHud.csproj", "{BC332784-B1A9-4F0D-A22B-59B16F679F4E}"
EndProject
Project("{FAE04EC0-301F-11D3-BF4B-00C04F79EFBC}") = "rF2SMLib", "rF2SMLib\rF2SMLib.csproj", "{ED52DE1E-DD75-4640-8039-48772B012EE0}"
EndProject
Project("{FAE04EC0-301F-11D3-BF4B-00C04F79EFBC}") = "SharedMemoryReader", "SharedMemoryReader\SharedMemoryReader.csproj", "{BCE067E4-0990-4535-A87C-FCDE605B28D8}"
EndProject
Project("{FAE04EC0-301F-11D3-BF4B-00C04F79EFBC}") = "OpenSimHud.Basics", "OpenSimHud.Basics\OpenSimHud.Basics.csproj", "{ADA10867-53B7-4DD8-AE7D-BA057AE95759}"
EndProject
Project("{FAE04EC0-301F-11D3-BF4B-00C04F79EFBC}") = "RadarWindow", "RadarWindow\RadarWindow.csproj", "{6719B25D-1981-479E-ABBA-8EDF58AA4344}"
EndProject
Project("{FAE04EC0-301F-11D3-BF4B-00C04F79EFBC}") = "PedalWindow", "PedalWindow\PedalWindow.csproj", "{AF69A583-F828-4180-8F8E-07FCE29D101A}"
EndProject
Project("{FAE04EC0-301F-11D3-BF4B-00C04F79EFBC}") = "TireGripWindow", "TireGripWindow\TireGripWindow.csproj", "{67D73C66-C284-483F-9A4C-89F710E30DD4}"
EndProject
Global
	GlobalSection(SolutionConfigurationPlatforms) = preSolution
		Debug|Any CPU = Debug|Any CPU
		Release|Any CPU = Release|Any CPU
	EndGlobalSection
	GlobalSection(ProjectConfigurationPlatforms) = postSolution
		{BC332784-B1A9-4F0D-A22B-59B16F679F4E}.Debug|Any CPU.ActiveCfg = Debug|Any CPU
		{BC332784-B1A9-4F0D-A22B-59B16F679F4E}.Debug|Any CPU.Build.0 = Debug|Any CPU
		{BC332784-B1A9-4F0D-A22B-59B16F679F4E}.Release|Any CPU.ActiveCfg = Release|Any CPU
		{BC332784-B1A9-4F0D-A22B-59B16F679F4E}.Release|Any CPU.Build.0 = Release|Any CPU
		{ED52DE1E-DD75-4640-8039-48772B012EE0}.Debug|Any CPU.ActiveCfg = Debug|Any CPU
		{ED52DE1E-DD75-4640-8039-48772B012EE0}.Debug|Any CPU.Build.0 = Debug|Any CPU
		{ED52DE1E-DD75-4640-8039-48772B012EE0}.Release|Any CPU.ActiveCfg = Release|Any CPU
		{ED52DE1E-DD75-4640-8039-48772B012EE0}.Release|Any CPU.Build.0 = Release|Any CPU
		{BCE067E4-0990-4535-A87C-FCDE605B28D8}.Debug|Any CPU.ActiveCfg = Debug|Any CPU
		{BCE067E4-0990-4535-A87C-FCDE605B28D8}.Debug|Any CPU.Build.0 = Debug|Any CPU
		{BCE067E4-0990-4535-A87C-FCDE605B28D8}.Release|Any CPU.ActiveCfg = Release|Any CPU
		{BCE067E4-0990-4535-A87C-FCDE605B28D8}.Release|Any CPU.Build.0 = Release|Any CPU
		{ADA10867-53B7-4DD8-AE7D-BA057AE95759}.Debug|Any CPU.ActiveCfg = Debug|Any CPU
		{ADA10867-53B7-4DD8-AE7D-BA057AE95759}.Debug|Any CPU.Build.0 = Debug|Any CPU
		{ADA10867-53B7-4DD8-AE7D-BA057AE95759}.Release|Any CPU.ActiveCfg = Release|Any CPU
		{ADA10867-53B7-4DD8-AE7D-BA057AE95759}.Release|Any CPU.Build.0 = Release|Any CPU
		{6719B25D-1981-479E-ABBA-8EDF58AA4344}.Debug|Any CPU.ActiveCfg = Debug|Any CPU
		{6719B25D-1981-479E-ABBA-8EDF58AA4344}.Debug|Any CPU.Build.0 = Debug|Any CPU
		{6719B25D-1981-479E-ABBA-8EDF58AA4344}.Release|Any CPU.ActiveCfg = Release|Any CPU
		{6719B25D-1981-479E-ABBA-8EDF58AA4344}.Release|Any CPU.Build.0 = Release|Any CPU
		{AF69A583-F828-4180-8F8E-07FCE29D101A}.Debug|Any CPU.ActiveCfg = Debug|Any CPU
		{AF69A583-F828-4180-8F8E-07FCE29D101A}.Debug|Any CPU.Build.0 = Debug|Any CPU
		{AF69A583-F828-4180-8F8E-07FCE29D101A}.Release|Any CPU.ActiveCfg = Release|Any CPU
		{AF69A583-F828-4180-8F8E-07FCE29D101A}.Release|Any CPU.Build.0 = Release|Any CPU
		{67D73C66-C284-483F-9A4C-89F710E30DD4}.Debug|Any CPU.ActiveCfg = Debug|Any CPU
		{67D73C66-C284-483F-9A4C-89F710E30DD4}.Debug|Any CPU.Build.0 = Debug|Any CPU
		{67D73C66-C284-483F-9A4C-89F710E30DD4}.Release|Any CPU.ActiveCfg = Release|Any CPU
		{67D73C66-C284-483F-9A4C-89F710E30DD4}.Release|Any CPU.Build.0 = Release|Any CPU
	EndGlobalSection
EndGlobal
